
Microsoft Visual Studio Solution File, Format Version 12.00
# Visual Studio 14
VisualStudioVersion = 14.0.25420.1
MinimumVisualStudioVersion = 10.0.40219.1
Project("{CC5FD16D-436D-48AD-A40C-5A424C6E3E79}") = "SFA.DAS.EmployerUsers", "SFA.DAS.EmployerUsers\SFA.DAS.EmployerUsers.ccproj", "{69ECC3F8-055D-4341-B7AA-03688C0109B8}"
EndProject
Project("{FAE04EC0-301F-11D3-BF4B-00C04F79EFBC}") = "SFA.DAS.EmployerUsers.Web", "SFA.DAS.EmployerUsers.Web\SFA.DAS.EmployerUsers.Web.csproj", "{0B267087-A640-4075-90CA-44B7A12C1B85}"
EndProject
Project("{2150E333-8FDC-42A3-9474-1A3956D46DE8}") = "BuildAndDeploy", "BuildAndDeploy", "{67214847-ADB6-4BC5-BC10-3D01936627BE}"
	ProjectSection(SolutionItems) = preProject
		Build.fsx = Build.fsx
		RunBuild.bat = RunBuild.bat
		VSTSConfig.ps1 = VSTSConfig.ps1
	EndProjectSection
EndProject
Project("{2150E333-8FDC-42A3-9474-1A3956D46DE8}") = "Tests", "Tests", "{22D47948-6411-4B2A-A6AD-AA60013CA1DA}"
EndProject
Project("{FAE04EC0-301F-11D3-BF4B-00C04F79EFBC}") = "SFA.DAS.EmployerUsers.Web.UnitTests", "SFA.DAS.EmployerUsers.Web.UnitTests\SFA.DAS.EmployerUsers.Web.UnitTests.csproj", "{A63AE672-0953-48DB-BD96-47E496A5FD37}"
EndProject
Project("{FAE04EC0-301F-11D3-BF4B-00C04F79EFBC}") = "SFA.DAS.EmployerUsers.Domain", "SFA.DAS.EmployerUsers.Domain\SFA.DAS.EmployerUsers.Domain.csproj", "{2686243C-201A-45C1-ADBC-99B05BD83D73}"
EndProject
Project("{FAE04EC0-301F-11D3-BF4B-00C04F79EFBC}") = "SFA.DAS.EmployerUsers.Application", "SFA.DAS.EmployerUsers.Application\SFA.DAS.EmployerUsers.Application.csproj", "{2243A091-EE5A-4641-B02E-D7BA560C0086}"
EndProject
Project("{FAE04EC0-301F-11D3-BF4B-00C04F79EFBC}") = "SFA.DAS.EmployerUsers.Application.UnitTests", "SFA.DAS.EmployerUsers.Application.UnitTests\SFA.DAS.EmployerUsers.Application.UnitTests.csproj", "{884664CA-3E6B-4DED-BC05-5A7F198375BC}"
EndProject
Project("{FAE04EC0-301F-11D3-BF4B-00C04F79EFBC}") = "SFA.DAS.EmployerUsers.Data.UnitTests", "SFA.DAS.EmployerUsers.Data.UnitTests\SFA.DAS.EmployerUsers.Data.UnitTests.csproj", "{8082BC59-8C78-40A4-A6AC-566BD5B95FD5}"
EndProject
Project("{FAE04EC0-301F-11D3-BF4B-00C04F79EFBC}") = "SFA.DAS.EmployerUsers.Infrastructure", "SFA.DAS.EmployerUsers.Infrastructure\SFA.DAS.EmployerUsers.Infrastructure.csproj", "{A38872C3-513F-4FD4-8917-E5BA21D5E3A6}"
EndProject
Project("{2150E333-8FDC-42A3-9474-1A3956D46DE8}") = "PreReqs", "PreReqs", "{A039E788-E2DC-42F6-8D3A-421A337D4546}"
	ProjectSection(SolutionItems) = preProject
		DasIDPCert.pfx = DasIDPCert.pfx
		DevInstall.ps1 = DevInstall.ps1
		localhost.pfx = localhost.pfx
	EndProjectSection
EndProject
Project("{FAE04EC0-301F-11D3-BF4B-00C04F79EFBC}") = "SFA.DAS.EmployerUsers.WebClientComponents", "SFA.DAS.EmployerUsers.WebClientComponents\SFA.DAS.EmployerUsers.WebClientComponents.csproj", "{06C4FA3C-23A2-462B-AEA8-D2F1F1EB3246}"
EndProject
Project("{2150E333-8FDC-42A3-9474-1A3956D46DE8}") = "Solution Items", "Solution Items", "{5760174C-611E-4267-82C7-48E050949E34}"
	ProjectSection(SolutionItems) = preProject
		SharedAssemblyInfo.cs = SharedAssemblyInfo.cs
	EndProjectSection
EndProject
Project("{FAE04EC0-301F-11D3-BF4B-00C04F79EFBC}") = "TestRP", "TestRP\TestRP.csproj", "{15B8E7F1-F061-47CE-9938-1440CE18DBD7}"
EndProject
Project("{00D1A9C2-B5F0-4AF3-8072-F6C62B433612}") = "SFA.DAS.EmployerUsers.Profiles.Database", "SFA.DAS.EmployerUsers.Profiles.Database\SFA.DAS.EmployerUsers.Profiles.Database.sqlproj", "{3C948EC9-82EC-428C-BE2B-1968AFC4FBE0}"
EndProject
Project("{00D1A9C2-B5F0-4AF3-8072-F6C62B433612}") = "SFA.DAS.EmployerUsers.Users.Database", "SFA.DAS.EmployerUsers.Users.Database\SFA.DAS.EmployerUsers.Users.Database.sqlproj", "{4962E8D7-81E4-4D45-B075-D89B24A5C063}"
EndProject
Project("{FAE04EC0-301F-11D3-BF4B-00C04F79EFBC}") = "SFA.DAS.EmployerUsers.EndToEndTests", "SFA.DAS.EmployerUsers.EndToEndTests\SFA.DAS.EmployerUsers.EndToEndTests.csproj", "{3A9932D1-7A24-4557-A1E2-3F2342924D16}"
EndProject
Project("{2150E333-8FDC-42A3-9474-1A3956D46DE8}") = "Tooling", "Tooling", "{F8B5D624-B720-4009-9698-715839F12673}"
EndProject
Project("{FAE04EC0-301F-11D3-BF4B-00C04F79EFBC}") = "BulkUserCreator", "BulkUserCreator\BulkUserCreator.csproj", "{32C02CFF-B58D-4756-9AE4-D1C4C7A827B9}"
EndProject
Project("{2150E333-8FDC-42A3-9474-1A3956D46DE8}") = "WebJobs", "WebJobs", "{124D0C03-B1E6-498E-985C-5D7FA1C23596}"
EndProject
Project("{FAE04EC0-301F-11D3-BF4B-00C04F79EFBC}") = "SFA.DAS.EmployerUsers.RegistrationTidyUpJob", "SFA.DAS.EmployerUsers.RegistrationTidyUpJob\SFA.DAS.EmployerUsers.RegistrationTidyUpJob.csproj", "{623365C0-5B68-4E83-9335-5182897D6A3A}"
EndProject
Project("{FAE04EC0-301F-11D3-BF4B-00C04F79EFBC}") = "SFA.DAS.EmployerUsers.RegistrationTidyUpJob.UnitTests", "SFA.DAS.EmployerUsers.RegistrationTidyUpJob.UnitTests\SFA.DAS.EmployerUsers.RegistrationTidyUpJob.UnitTests.csproj", "{F9D60797-3A8A-4310-BD8D-31C70297DFBE}"
EndProject
Project("{FAE04EC0-301F-11D3-BF4B-00C04F79EFBC}") = "SFA.DAS.EmployerUsers.Host.WebJob", "SFA.DAS.EmployerUsers.Host.WebJob\SFA.DAS.EmployerUsers.Host.WebJob.csproj", "{0329A551-AB2F-4C88-83B6-54EC698139A9}"
EndProject
Project("{CC5FD16D-436D-48AD-A40C-5A424C6E3E79}") = "SFA.DAS.EmployerUsersApi", "SFA.DAS.EmployerUsersApi\SFA.DAS.EmployerUsersApi.ccproj", "{997DBC33-F745-401F-9CB9-FF971A4F90B4}"
EndProject
Project("{FAE04EC0-301F-11D3-BF4B-00C04F79EFBC}") = "SFA.DAS.EmployerUsers.Api", "SFA.DAS.EmployerUsers.Api\SFA.DAS.EmployerUsers.Api.csproj", "{D6A39A64-77F4-494C-8367-54FB1476D324}"
EndProject
Project("{FAE04EC0-301F-11D3-BF4B-00C04F79EFBC}") = "SFA.DAS.EmployerUsers.Api.Types", "SFA.DAS.EmployerUsers.Api.Types\SFA.DAS.EmployerUsers.Api.Types.csproj", "{97BBCDEC-D1DD-4E93-AE77-B5B0E5F9784D}"
EndProject
Global
	GlobalSection(SolutionConfigurationPlatforms) = preSolution
		Debug|Any CPU = Debug|Any CPU
		Release|Any CPU = Release|Any CPU
	EndGlobalSection
	GlobalSection(ProjectConfigurationPlatforms) = postSolution
		{69ECC3F8-055D-4341-B7AA-03688C0109B8}.Debug|Any CPU.ActiveCfg = Debug|Any CPU
		{69ECC3F8-055D-4341-B7AA-03688C0109B8}.Debug|Any CPU.Build.0 = Debug|Any CPU
		{69ECC3F8-055D-4341-B7AA-03688C0109B8}.Release|Any CPU.ActiveCfg = Release|Any CPU
		{69ECC3F8-055D-4341-B7AA-03688C0109B8}.Release|Any CPU.Build.0 = Release|Any CPU
		{0B267087-A640-4075-90CA-44B7A12C1B85}.Debug|Any CPU.ActiveCfg = Debug|Any CPU
		{0B267087-A640-4075-90CA-44B7A12C1B85}.Debug|Any CPU.Build.0 = Debug|Any CPU
		{0B267087-A640-4075-90CA-44B7A12C1B85}.Release|Any CPU.ActiveCfg = Release|Any CPU
		{0B267087-A640-4075-90CA-44B7A12C1B85}.Release|Any CPU.Build.0 = Release|Any CPU
		{A63AE672-0953-48DB-BD96-47E496A5FD37}.Debug|Any CPU.ActiveCfg = Debug|Any CPU
		{A63AE672-0953-48DB-BD96-47E496A5FD37}.Debug|Any CPU.Build.0 = Debug|Any CPU
		{A63AE672-0953-48DB-BD96-47E496A5FD37}.Release|Any CPU.ActiveCfg = Release|Any CPU
		{A63AE672-0953-48DB-BD96-47E496A5FD37}.Release|Any CPU.Build.0 = Release|Any CPU
		{2686243C-201A-45C1-ADBC-99B05BD83D73}.Debug|Any CPU.ActiveCfg = Debug|Any CPU
		{2686243C-201A-45C1-ADBC-99B05BD83D73}.Debug|Any CPU.Build.0 = Debug|Any CPU
		{2686243C-201A-45C1-ADBC-99B05BD83D73}.Release|Any CPU.ActiveCfg = Release|Any CPU
		{2686243C-201A-45C1-ADBC-99B05BD83D73}.Release|Any CPU.Build.0 = Release|Any CPU
		{2243A091-EE5A-4641-B02E-D7BA560C0086}.Debug|Any CPU.ActiveCfg = Debug|Any CPU
		{2243A091-EE5A-4641-B02E-D7BA560C0086}.Debug|Any CPU.Build.0 = Debug|Any CPU
		{2243A091-EE5A-4641-B02E-D7BA560C0086}.Release|Any CPU.ActiveCfg = Release|Any CPU
		{2243A091-EE5A-4641-B02E-D7BA560C0086}.Release|Any CPU.Build.0 = Release|Any CPU
		{884664CA-3E6B-4DED-BC05-5A7F198375BC}.Debug|Any CPU.ActiveCfg = Debug|Any CPU
		{884664CA-3E6B-4DED-BC05-5A7F198375BC}.Debug|Any CPU.Build.0 = Debug|Any CPU
		{884664CA-3E6B-4DED-BC05-5A7F198375BC}.Release|Any CPU.ActiveCfg = Release|Any CPU
		{884664CA-3E6B-4DED-BC05-5A7F198375BC}.Release|Any CPU.Build.0 = Release|Any CPU
		{8082BC59-8C78-40A4-A6AC-566BD5B95FD5}.Debug|Any CPU.ActiveCfg = Debug|Any CPU
		{8082BC59-8C78-40A4-A6AC-566BD5B95FD5}.Debug|Any CPU.Build.0 = Debug|Any CPU
		{8082BC59-8C78-40A4-A6AC-566BD5B95FD5}.Release|Any CPU.ActiveCfg = Release|Any CPU
		{8082BC59-8C78-40A4-A6AC-566BD5B95FD5}.Release|Any CPU.Build.0 = Release|Any CPU
		{A38872C3-513F-4FD4-8917-E5BA21D5E3A6}.Debug|Any CPU.ActiveCfg = Debug|Any CPU
		{A38872C3-513F-4FD4-8917-E5BA21D5E3A6}.Debug|Any CPU.Build.0 = Debug|Any CPU
		{A38872C3-513F-4FD4-8917-E5BA21D5E3A6}.Release|Any CPU.ActiveCfg = Release|Any CPU
		{A38872C3-513F-4FD4-8917-E5BA21D5E3A6}.Release|Any CPU.Build.0 = Release|Any CPU
		{06C4FA3C-23A2-462B-AEA8-D2F1F1EB3246}.Debug|Any CPU.ActiveCfg = Debug|Any CPU
		{06C4FA3C-23A2-462B-AEA8-D2F1F1EB3246}.Debug|Any CPU.Build.0 = Debug|Any CPU
		{06C4FA3C-23A2-462B-AEA8-D2F1F1EB3246}.Release|Any CPU.ActiveCfg = Release|Any CPU
		{06C4FA3C-23A2-462B-AEA8-D2F1F1EB3246}.Release|Any CPU.Build.0 = Release|Any CPU
		{15B8E7F1-F061-47CE-9938-1440CE18DBD7}.Debug|Any CPU.ActiveCfg = Debug|Any CPU
		{15B8E7F1-F061-47CE-9938-1440CE18DBD7}.Debug|Any CPU.Build.0 = Debug|Any CPU
		{15B8E7F1-F061-47CE-9938-1440CE18DBD7}.Release|Any CPU.ActiveCfg = Release|Any CPU
		{15B8E7F1-F061-47CE-9938-1440CE18DBD7}.Release|Any CPU.Build.0 = Release|Any CPU
		{3C948EC9-82EC-428C-BE2B-1968AFC4FBE0}.Debug|Any CPU.ActiveCfg = Debug|Any CPU
		{3C948EC9-82EC-428C-BE2B-1968AFC4FBE0}.Debug|Any CPU.Build.0 = Debug|Any CPU
		{3C948EC9-82EC-428C-BE2B-1968AFC4FBE0}.Debug|Any CPU.Deploy.0 = Debug|Any CPU
		{3C948EC9-82EC-428C-BE2B-1968AFC4FBE0}.Release|Any CPU.ActiveCfg = Release|Any CPU
		{3C948EC9-82EC-428C-BE2B-1968AFC4FBE0}.Release|Any CPU.Build.0 = Release|Any CPU
		{3C948EC9-82EC-428C-BE2B-1968AFC4FBE0}.Release|Any CPU.Deploy.0 = Release|Any CPU
		{4962E8D7-81E4-4D45-B075-D89B24A5C063}.Debug|Any CPU.ActiveCfg = Debug|Any CPU
		{4962E8D7-81E4-4D45-B075-D89B24A5C063}.Debug|Any CPU.Build.0 = Debug|Any CPU
		{4962E8D7-81E4-4D45-B075-D89B24A5C063}.Debug|Any CPU.Deploy.0 = Debug|Any CPU
		{4962E8D7-81E4-4D45-B075-D89B24A5C063}.Release|Any CPU.ActiveCfg = Release|Any CPU
		{4962E8D7-81E4-4D45-B075-D89B24A5C063}.Release|Any CPU.Build.0 = Release|Any CPU
		{4962E8D7-81E4-4D45-B075-D89B24A5C063}.Release|Any CPU.Deploy.0 = Release|Any CPU
		{3A9932D1-7A24-4557-A1E2-3F2342924D16}.Debug|Any CPU.ActiveCfg = Debug|Any CPU
		{3A9932D1-7A24-4557-A1E2-3F2342924D16}.Debug|Any CPU.Build.0 = Debug|Any CPU
		{3A9932D1-7A24-4557-A1E2-3F2342924D16}.Release|Any CPU.ActiveCfg = Release|Any CPU
		{3A9932D1-7A24-4557-A1E2-3F2342924D16}.Release|Any CPU.Build.0 = Release|Any CPU
		{32C02CFF-B58D-4756-9AE4-D1C4C7A827B9}.Debug|Any CPU.ActiveCfg = Debug|Any CPU
		{32C02CFF-B58D-4756-9AE4-D1C4C7A827B9}.Debug|Any CPU.Build.0 = Debug|Any CPU
		{32C02CFF-B58D-4756-9AE4-D1C4C7A827B9}.Release|Any CPU.ActiveCfg = Release|Any CPU
		{32C02CFF-B58D-4756-9AE4-D1C4C7A827B9}.Release|Any CPU.Build.0 = Release|Any CPU
		{623365C0-5B68-4E83-9335-5182897D6A3A}.Debug|Any CPU.ActiveCfg = Debug|Any CPU
		{623365C0-5B68-4E83-9335-5182897D6A3A}.Debug|Any CPU.Build.0 = Debug|Any CPU
		{623365C0-5B68-4E83-9335-5182897D6A3A}.Release|Any CPU.ActiveCfg = Release|Any CPU
		{623365C0-5B68-4E83-9335-5182897D6A3A}.Release|Any CPU.Build.0 = Release|Any CPU
		{F9D60797-3A8A-4310-BD8D-31C70297DFBE}.Debug|Any CPU.ActiveCfg = Debug|Any CPU
		{F9D60797-3A8A-4310-BD8D-31C70297DFBE}.Debug|Any CPU.Build.0 = Debug|Any CPU
		{F9D60797-3A8A-4310-BD8D-31C70297DFBE}.Release|Any CPU.ActiveCfg = Release|Any CPU
		{F9D60797-3A8A-4310-BD8D-31C70297DFBE}.Release|Any CPU.Build.0 = Release|Any CPU
		{0329A551-AB2F-4C88-83B6-54EC698139A9}.Debug|Any CPU.ActiveCfg = Debug|Any CPU
		{0329A551-AB2F-4C88-83B6-54EC698139A9}.Debug|Any CPU.Build.0 = Debug|Any CPU
		{0329A551-AB2F-4C88-83B6-54EC698139A9}.Release|Any CPU.ActiveCfg = Release|Any CPU
		{0329A551-AB2F-4C88-83B6-54EC698139A9}.Release|Any CPU.Build.0 = Release|Any CPU
		{997DBC33-F745-401F-9CB9-FF971A4F90B4}.Debug|Any CPU.ActiveCfg = Debug|Any CPU
		{997DBC33-F745-401F-9CB9-FF971A4F90B4}.Debug|Any CPU.Build.0 = Debug|Any CPU
		{997DBC33-F745-401F-9CB9-FF971A4F90B4}.Release|Any CPU.ActiveCfg = Release|Any CPU
		{997DBC33-F745-401F-9CB9-FF971A4F90B4}.Release|Any CPU.Build.0 = Release|Any CPU
		{D6A39A64-77F4-494C-8367-54FB1476D324}.Debug|Any CPU.ActiveCfg = Debug|Any CPU
		{D6A39A64-77F4-494C-8367-54FB1476D324}.Debug|Any CPU.Build.0 = Debug|Any CPU
		{D6A39A64-77F4-494C-8367-54FB1476D324}.Release|Any CPU.ActiveCfg = Release|Any CPU
		{D6A39A64-77F4-494C-8367-54FB1476D324}.Release|Any CPU.Build.0 = Release|Any CPU
		{97BBCDEC-D1DD-4E93-AE77-B5B0E5F9784D}.Debug|Any CPU.ActiveCfg = Debug|Any CPU
		{97BBCDEC-D1DD-4E93-AE77-B5B0E5F9784D}.Debug|Any CPU.Build.0 = Debug|Any CPU
		{97BBCDEC-D1DD-4E93-AE77-B5B0E5F9784D}.Release|Any CPU.ActiveCfg = Release|Any CPU
		{97BBCDEC-D1DD-4E93-AE77-B5B0E5F9784D}.Release|Any CPU.Build.0 = Release|Any CPU
	EndGlobalSection
	GlobalSection(SolutionProperties) = preSolution
		HideSolutionNode = FALSE
	EndGlobalSection
	GlobalSection(NestedProjects) = preSolution
		{A63AE672-0953-48DB-BD96-47E496A5FD37} = {22D47948-6411-4B2A-A6AD-AA60013CA1DA}
		{884664CA-3E6B-4DED-BC05-5A7F198375BC} = {22D47948-6411-4B2A-A6AD-AA60013CA1DA}
		{8082BC59-8C78-40A4-A6AC-566BD5B95FD5} = {22D47948-6411-4B2A-A6AD-AA60013CA1DA}
		{3A9932D1-7A24-4557-A1E2-3F2342924D16} = {22D47948-6411-4B2A-A6AD-AA60013CA1DA}
		{32C02CFF-B58D-4756-9AE4-D1C4C7A827B9} = {F8B5D624-B720-4009-9698-715839F12673}
		{623365C0-5B68-4E83-9335-5182897D6A3A} = {124D0C03-B1E6-498E-985C-5D7FA1C23596}
		{F9D60797-3A8A-4310-BD8D-31C70297DFBE} = {22D47948-6411-4B2A-A6AD-AA60013CA1DA}
		{0329A551-AB2F-4C88-83B6-54EC698139A9} = {124D0C03-B1E6-498E-985C-5D7FA1C23596}
	EndGlobalSection
EndGlobal
